// !$*UTF8*$!
{
	archiveVersion = 1;
	classes = {
	};
	objectVersion = 46;
	objects = {

/* Begin PBXBuildFile section */
		AF66276A1C68D61900D9E274 /* AppDelegate.swift in Sources */ = {isa = PBXBuildFile; fileRef = AF6627691C68D61900D9E274 /* AppDelegate.swift */; };
		AF66276C1C68D61900D9E274 /* ViewController.swift in Sources */ = {isa = PBXBuildFile; fileRef = AF66276B1C68D61900D9E274 /* ViewController.swift */; };
		AF66276F1C68D61900D9E274 /* Main.storyboard in Resources */ = {isa = PBXBuildFile; fileRef = AF66276D1C68D61900D9E274 /* Main.storyboard */; };
		AF6627711C68D61900D9E274 /* Assets.xcassets in Resources */ = {isa = PBXBuildFile; fileRef = AF6627701C68D61900D9E274 /* Assets.xcassets */; };
		AF6627741C68D61900D9E274 /* LaunchScreen.storyboard in Resources */ = {isa = PBXBuildFile; fileRef = AF6627721C68D61900D9E274 /* LaunchScreen.storyboard */; };
		AF66277E1C68D65500D9E274 /* RESTManager.swift in Sources */ = {isa = PBXBuildFile; fileRef = AF66277D1C68D65500D9E274 /* RESTManager.swift */; };
		AF6627991C6A1C5000D9E274 /* Alamofire.framework in Frameworks */ = {isa = PBXBuildFile; fileRef = AF66278C1C6A1C0700D9E274 /* Alamofire.framework */; };
		AF66279A1C6A1C5000D9E274 /* Alamofire.framework in Embed Frameworks */ = {isa = PBXBuildFile; fileRef = AF66278C1C6A1C0700D9E274 /* Alamofire.framework */; settings = {ATTRIBUTES = (CodeSignOnCopy, RemoveHeadersOnCopy, ); }; };
		AF66279F1C6A1FC600D9E274 /* SwiftyJSON.swift in Sources */ = {isa = PBXBuildFile; fileRef = AF66279E1C6A1FC600D9E274 /* SwiftyJSON.swift */; };
		AF6627A11C6A42B600D9E274 /* ViewController2.swift in Sources */ = {isa = PBXBuildFile; fileRef = AF6627A01C6A42B600D9E274 /* ViewController2.swift */; };
/* End PBXBuildFile section */

/* Begin PBXContainerItemProxy section */
		AF66278B1C6A1C0700D9E274 /* PBXContainerItemProxy */ = {
			isa = PBXContainerItemProxy;
			containerPortal = AF6627811C6A1C0700D9E274 /* Alamofire.xcodeproj */;
			proxyType = 2;
			remoteGlobalIDString = F8111E3319A95C8B0040E7D1;
			remoteInfo = "Alamofire iOS";
		};
		AF66278D1C6A1C0700D9E274 /* PBXContainerItemProxy */ = {
			isa = PBXContainerItemProxy;
			containerPortal = AF6627811C6A1C0700D9E274 /* Alamofire.xcodeproj */;
			proxyType = 2;
			remoteGlobalIDString = F8111E3E19A95C8B0040E7D1;
			remoteInfo = "Alamofire iOS Tests";
		};
		AF66278F1C6A1C0700D9E274 /* PBXContainerItemProxy */ = {
			isa = PBXContainerItemProxy;
			containerPortal = AF6627811C6A1C0700D9E274 /* Alamofire.xcodeproj */;
			proxyType = 2;
			remoteGlobalIDString = 4DD67C0B1A5C55C900ED2280;
			remoteInfo = "Alamofire OSX";
		};
		AF6627911C6A1C0700D9E274 /* PBXContainerItemProxy */ = {
			isa = PBXContainerItemProxy;
			containerPortal = AF6627811C6A1C0700D9E274 /* Alamofire.xcodeproj */;
			proxyType = 2;
			remoteGlobalIDString = F829C6B21A7A94F100A2CD59;
			remoteInfo = "Alamofire OSX Tests";
		};
		AF6627931C6A1C0700D9E274 /* PBXContainerItemProxy */ = {
			isa = PBXContainerItemProxy;
			containerPortal = AF6627811C6A1C0700D9E274 /* Alamofire.xcodeproj */;
			proxyType = 2;
			remoteGlobalIDString = 4CF626EF1BA7CB3E0011A099;
			remoteInfo = "Alamofire tvOS";
		};
		AF6627951C6A1C0700D9E274 /* PBXContainerItemProxy */ = {
			isa = PBXContainerItemProxy;
			containerPortal = AF6627811C6A1C0700D9E274 /* Alamofire.xcodeproj */;
			proxyType = 2;
			remoteGlobalIDString = 4CF626F81BA7CB3E0011A099;
			remoteInfo = "Alamofire tvOS Tests";
		};
		AF6627971C6A1C0700D9E274 /* PBXContainerItemProxy */ = {
			isa = PBXContainerItemProxy;
			containerPortal = AF6627811C6A1C0700D9E274 /* Alamofire.xcodeproj */;
			proxyType = 2;
			remoteGlobalIDString = E4202FE01B667AA100C997FB;
			remoteInfo = "Alamofire watchOS";
		};
		AF66279B1C6A1C5000D9E274 /* PBXContainerItemProxy */ = {
			isa = PBXContainerItemProxy;
			containerPortal = AF6627811C6A1C0700D9E274 /* Alamofire.xcodeproj */;
			proxyType = 1;
			remoteGlobalIDString = F8111E3219A95C8B0040E7D1;
			remoteInfo = "Alamofire iOS";
		};
/* End PBXContainerItemProxy section */

/* Begin PBXCopyFilesBuildPhase section */
		AF66279D1C6A1C5000D9E274 /* Embed Frameworks */ = {
			isa = PBXCopyFilesBuildPhase;
			buildActionMask = 2147483647;
			dstPath = "";
			dstSubfolderSpec = 10;
			files = (
				AF66279A1C6A1C5000D9E274 /* Alamofire.framework in Embed Frameworks */,
			);
			name = "Embed Frameworks";
			runOnlyForDeploymentPostprocessing = 0;
		};
/* End PBXCopyFilesBuildPhase section */

/* Begin PBXFileReference section */
		AF6627661C68D61900D9E274 /* RESTClientApp.app */ = {isa = PBXFileReference; explicitFileType = wrapper.application; includeInIndex = 0; path = RESTClientApp.app; sourceTree = BUILT_PRODUCTS_DIR; };
		AF6627691C68D61900D9E274 /* AppDelegate.swift */ = {isa = PBXFileReference; lastKnownFileType = sourcecode.swift; path = AppDelegate.swift; sourceTree = "<group>"; };
		AF66276B1C68D61900D9E274 /* ViewController.swift */ = {isa = PBXFileReference; lastKnownFileType = sourcecode.swift; path = ViewController.swift; sourceTree = "<group>"; };
		AF66276E1C68D61900D9E274 /* Base */ = {isa = PBXFileReference; lastKnownFileType = file.storyboard; name = Base; path = Base.lproj/Main.storyboard; sourceTree = "<group>"; };
		AF6627701C68D61900D9E274 /* Assets.xcassets */ = {isa = PBXFileReference; lastKnownFileType = folder.assetcatalog; path = Assets.xcassets; sourceTree = "<group>"; };
		AF6627731C68D61900D9E274 /* Base */ = {isa = PBXFileReference; lastKnownFileType = file.storyboard; name = Base; path = Base.lproj/LaunchScreen.storyboard; sourceTree = "<group>"; };
		AF6627751C68D61900D9E274 /* Info.plist */ = {isa = PBXFileReference; lastKnownFileType = text.plist.xml; path = Info.plist; sourceTree = "<group>"; };
		AF66277D1C68D65500D9E274 /* RESTManager.swift */ = {isa = PBXFileReference; fileEncoding = 4; lastKnownFileType = sourcecode.swift; path = RESTManager.swift; sourceTree = "<group>"; };
		AF6627811C6A1C0700D9E274 /* Alamofire.xcodeproj */ = {isa = PBXFileReference; lastKnownFileType = "wrapper.pb-project"; name = Alamofire.xcodeproj; path = "Alamofire-master/Alamofire.xcodeproj"; sourceTree = "<group>"; };
		AF66279E1C6A1FC600D9E274 /* SwiftyJSON.swift */ = {isa = PBXFileReference; fileEncoding = 4; lastKnownFileType = sourcecode.swift; path = SwiftyJSON.swift; sourceTree = "<group>"; };
		AF6627A01C6A42B600D9E274 /* ViewController2.swift */ = {isa = PBXFileReference; fileEncoding = 4; lastKnownFileType = sourcecode.swift; path = ViewController2.swift; sourceTree = "<group>"; };
/* End PBXFileReference section */

/* Begin PBXFrameworksBuildPhase section */
		AF6627631C68D61900D9E274 /* Frameworks */ = {
			isa = PBXFrameworksBuildPhase;
			buildActionMask = 2147483647;
			files = (
				AF6627991C6A1C5000D9E274 /* Alamofire.framework in Frameworks */,
			);
			runOnlyForDeploymentPostprocessing = 0;
		};
/* End PBXFrameworksBuildPhase section */

/* Begin PBXGroup section */
		AF66275D1C68D61800D9E274 = {
			isa = PBXGroup;
			children = (
				AF6627811C6A1C0700D9E274 /* Alamofire.xcodeproj */,
				AF6627681C68D61900D9E274 /* RESTClientApp */,
				AF6627671C68D61900D9E274 /* Products */,
			);
			sourceTree = "<group>";
		};
		AF6627671C68D61900D9E274 /* Products */ = {
			isa = PBXGroup;
			children = (
				AF6627661C68D61900D9E274 /* RESTClientApp.app */,
			);
			name = Products;
			sourceTree = "<group>";
		};
		AF6627681C68D61900D9E274 /* RESTClientApp */ = {
			isa = PBXGroup;
			children = (
				AF66279E1C6A1FC600D9E274 /* SwiftyJSON.swift */,
				AF6627691C68D61900D9E274 /* AppDelegate.swift */,
				AF6627A01C6A42B600D9E274 /* ViewController2.swift */,
				AF66276B1C68D61900D9E274 /* ViewController.swift */,
				AF66276D1C68D61900D9E274 /* Main.storyboard */,
				AF6627701C68D61900D9E274 /* Assets.xcassets */,
				AF6627721C68D61900D9E274 /* LaunchScreen.storyboard */,
				AF6627751C68D61900D9E274 /* Info.plist */,
				AF66277D1C68D65500D9E274 /* RESTManager.swift */,
			);
			path = RESTClientApp;
			sourceTree = "<group>";
		};
		AF6627821C6A1C0700D9E274 /* Products */ = {
			isa = PBXGroup;
			children = (
				AF66278C1C6A1C0700D9E274 /* Alamofire.framework */,
				AF66278E1C6A1C0700D9E274 /* Alamofire iOS Tests.xctest */,
				AF6627901C6A1C0700D9E274 /* Alamofire.framework */,
				AF6627921C6A1C0700D9E274 /* Alamofire OSX Tests.xctest */,
				AF6627941C6A1C0700D9E274 /* Alamofire.framework */,
				AF6627961C6A1C0700D9E274 /* Alamofire tvOS Tests.xctest */,
				AF6627981C6A1C0700D9E274 /* Alamofire.framework */,
			);
			name = Products;
			sourceTree = "<group>";
		};
/* End PBXGroup section */

/* Begin PBXNativeTarget section */
		AF6627651C68D61900D9E274 /* RESTClientApp */ = {
			isa = PBXNativeTarget;
			buildConfigurationList = AF6627781C68D61900D9E274 /* Build configuration list for PBXNativeTarget "RESTClientApp" */;
			buildPhases = (
				AF6627621C68D61900D9E274 /* Sources */,
				AF6627631C68D61900D9E274 /* Frameworks */,
				AF6627641C68D61900D9E274 /* Resources */,
				AF66279D1C6A1C5000D9E274 /* Embed Frameworks */,
			);
			buildRules = (
			);
			dependencies = (
				AF66279C1C6A1C5000D9E274 /* PBXTargetDependency */,
			);
			name = RESTClientApp;
			productName = RESTClientApp;
			productReference = AF6627661C68D61900D9E274 /* RESTClientApp.app */;
			productType = "com.apple.product-type.application";
		};
/* End PBXNativeTarget section */

/* Begin PBXProject section */
		AF66275E1C68D61800D9E274 /* Project object */ = {
			isa = PBXProject;
			attributes = {
				LastSwiftUpdateCheck = 0720;
				LastUpgradeCheck = 0720;
				ORGANIZATIONNAME = "Tobi and Sons";
				TargetAttributes = {
					AF6627651C68D61900D9E274 = {
						CreatedOnToolsVersion = 7.2.1;
						DevelopmentTeam = ZJE75568BW;
					};
				};
			};
			buildConfigurationList = AF6627611C68D61800D9E274 /* Build configuration list for PBXProject "RESTClientApp" */;
			compatibilityVersion = "Xcode 3.2";
			developmentRegion = English;
			hasScannedForEncodings = 0;
			knownRegions = (
				en,
				Base,
			);
			mainGroup = AF66275D1C68D61800D9E274;
			productRefGroup = AF6627671C68D61900D9E274 /* Products */;
			projectDirPath = "";
			projectReferences = (
				{
					ProductGroup = AF6627821C6A1C0700D9E274 /* Products */;
					ProjectRef = AF6627811C6A1C0700D9E274 /* Alamofire.xcodeproj */;
				},
			);
			projectRoot = "";
			targets = (
				AF6627651C68D61900D9E274 /* RESTClientApp */,
			);
		};
/* End PBXProject section */

/* Begin PBXReferenceProxy section */
		AF66278C1C6A1C0700D9E274 /* Alamofire.framework */ = {
			isa = PBXReferenceProxy;
			fileType = wrapper.framework;
			path = Alamofire.framework;
			remoteRef = AF66278B1C6A1C0700D9E274 /* PBXContainerItemProxy */;
			sourceTree = BUILT_PRODUCTS_DIR;
		};
		AF66278E1C6A1C0700D9E274 /* Alamofire iOS Tests.xctest */ = {
			isa = PBXReferenceProxy;
			fileType = wrapper.cfbundle;
			path = "Alamofire iOS Tests.xctest";
			remoteRef = AF66278D1C6A1C0700D9E274 /* PBXContainerItemProxy */;
			sourceTree = BUILT_PRODUCTS_DIR;
		};
		AF6627901C6A1C0700D9E274 /* Alamofire.framework */ = {
			isa = PBXReferenceProxy;
			fileType = wrapper.framework;
			path = Alamofire.framework;
			remoteRef = AF66278F1C6A1C0700D9E274 /* PBXContainerItemProxy */;
			sourceTree = BUILT_PRODUCTS_DIR;
		};
		AF6627921C6A1C0700D9E274 /* Alamofire OSX Tests.xctest */ = {
			isa = PBXReferenceProxy;
			fileType = wrapper.cfbundle;
			path = "Alamofire OSX Tests.xctest";
			remoteRef = AF6627911C6A1C0700D9E274 /* PBXContainerItemProxy */;
			sourceTree = BUILT_PRODUCTS_DIR;
		};
		AF6627941C6A1C0700D9E274 /* Alamofire.framework */ = {
			isa = PBXReferenceProxy;
			fileType = wrapper.framework;
			path = Alamofire.framework;
			remoteRef = AF6627931C6A1C0700D9E274 /* PBXContainerItemProxy */;
			sourceTree = BUILT_PRODUCTS_DIR;
		};
		AF6627961C6A1C0700D9E274 /* Alamofire tvOS Tests.xctest */ = {
			isa = PBXReferenceProxy;
			fileType = wrapper.cfbundle;
			path = "Alamofire tvOS Tests.xctest";
			remoteRef = AF6627951C6A1C0700D9E274 /* PBXContainerItemProxy */;
			sourceTree = BUILT_PRODUCTS_DIR;
		};
		AF6627981C6A1C0700D9E274 /* Alamofire.framework */ = {
			isa = PBXReferenceProxy;
			fileType = wrapper.framework;
			path = Alamofire.framework;
			remoteRef = AF6627971C6A1C0700D9E274 /* PBXContainerItemProxy */;
			sourceTree = BUILT_PRODUCTS_DIR;
		};
/* End PBXReferenceProxy section */

/* Begin PBXResourcesBuildPhase section */
		AF6627641C68D61900D9E274 /* Resources */ = {
			isa = PBXResourcesBuildPhase;
			buildActionMask = 2147483647;
			files = (
				AF6627741C68D61900D9E274 /* LaunchScreen.storyboard in Resources */,
				AF6627711C68D61900D9E274 /* Assets.xcassets in Resources */,
				AF66276F1C68D61900D9E274 /* Main.storyboard in Resources */,
			);
			runOnlyForDeploymentPostprocessing = 0;
		};
/* End PBXResourcesBuildPhase section */

/* Begin PBXSourcesBuildPhase section */
		AF6627621C68D61900D9E274 /* Sources */ = {
			isa = PBXSourcesBuildPhase;
			buildActionMask = 2147483647;
			files = (
				AF6627A11C6A42B600D9E274 /* ViewController2.swift in Sources */,
				AF66277E1C68D65500D9E274 /* RESTManager.swift in Sources */,
				AF66276C1C68D61900D9E274 /* ViewController.swift in Sources */,
				AF66276A1C68D61900D9E274 /* AppDelegate.swift in Sources */,
				AF66279F1C6A1FC600D9E274 /* SwiftyJSON.swift in Sources */,
			);
			runOnlyForDeploymentPostprocessing = 0;
		};
/* End PBXSourcesBuildPhase section */

/* Begin PBXTargetDependency section */
		AF66279C1C6A1C5000D9E274 /* PBXTargetDependency */ = {
			isa = PBXTargetDependency;
			name = "Alamofire iOS";
			targetProxy = AF66279B1C6A1C5000D9E274 /* PBXContainerItemProxy */;
		};
/* End PBXTargetDependency section */

/* Begin PBXVariantGroup section */
		AF66276D1C68D61900D9E274 /* Main.storyboard */ = {
			isa = PBXVariantGroup;
			children = (
				AF66276E1C68D61900D9E274 /* Base */,
			);
			name = Main.storyboard;
			sourceTree = "<group>";
		};
		AF6627721C68D61900D9E274 /* LaunchScreen.storyboard */ = {
			isa = PBXVariantGroup;
			children = (
				AF6627731C68D61900D9E274 /* Base */,
			);
			name = LaunchScreen.storyboard;
			sourceTree = "<group>";
		};
/* End PBXVariantGroup section */

/* Begin XCBuildConfiguration section */
		AF6627761C68D61900D9E274 /* Debug */ = {
			isa = XCBuildConfiguration;
			buildSettings = {
				ALWAYS_SEARCH_USER_PATHS = NO;
				CLANG_CXX_LANGUAGE_STANDARD = "gnu++0x";
				CLANG_CXX_LIBRARY = "libc++";
				CLANG_ENABLE_MODULES = YES;
				CLANG_ENABLE_OBJC_ARC = YES;
				CLANG_WARN_BOOL_CONVERSION = YES;
				CLANG_WARN_CONSTANT_CONVERSION = YES;
				CLANG_WARN_DIRECT_OBJC_ISA_USAGE = YES_ERROR;
				CLANG_WARN_EMPTY_BODY = YES;
				CLANG_WARN_ENUM_CONVERSION = YES;
				CLANG_WARN_INT_CONVERSION = YES;
				CLANG_WARN_OBJC_ROOT_CLASS = YES_ERROR;
				CLANG_WARN_UNREACHABLE_CODE = YES;
				CLANG_WARN__DUPLICATE_METHOD_MATCH = YES;
				"CODE_SIGN_IDENTITY[sdk=iphoneos*]" = "iPhone Developer";
				COPY_PHASE_STRIP = NO;
				DEBUG_INFORMATION_FORMAT = dwarf;
				ENABLE_STRICT_OBJC_MSGSEND = YES;
				ENABLE_TESTABILITY = YES;
				GCC_C_LANGUAGE_STANDARD = gnu99;
				GCC_DYNAMIC_NO_PIC = NO;
				GCC_NO_COMMON_BLOCKS = YES;
				GCC_OPTIMIZATION_LEVEL = 0;
				GCC_PREPROCESSOR_DEFINITIONS = (
					"DEBUG=1",
					"$(inherited)",
				);
				GCC_WARN_64_TO_32_BIT_CONVERSION = YES;
				GCC_WARN_ABOUT_RETURN_TYPE = YES_ERROR;
				GCC_WARN_UNDECLARED_SELECTOR = YES;
				GCC_WARN_UNINITIALIZED_AUTOS = YES_AGGRESSIVE;
				GCC_WARN_UNUSED_FUNCTION = YES;
				GCC_WARN_UNUSED_VARIABLE = YES;
				IPHONEOS_DEPLOYMENT_TARGET = 9.2;
				MTL_ENABLE_DEBUG_INFO = YES;
				ONLY_ACTIVE_ARCH = YES;
				SDKROOT = iphoneos;
				SWIFT_OPTIMIZATION_LEVEL = "-Onone";
			};
			name = Debug;
		};
		AF6627771C68D61900D9E274 /* Release */ = {
			isa = XCBuildConfiguration;
			buildSettings = {
				ALWAYS_SEARCH_USER_PATHS = NO;
				CLANG_CXX_LANGUAGE_STANDARD = "gnu++0x";
				CLANG_CXX_LIBRARY = "libc++";
				CLANG_ENABLE_MODULES = YES;
				CLANG_ENABLE_OBJC_ARC = YES;
				CLANG_WARN_BOOL_CONVERSION = YES;
				CLANG_WARN_CONSTANT_CONVERSION = YES;
				CLANG_WARN_DIRECT_OBJC_ISA_USAGE = YES_ERROR;
				CLANG_WARN_EMPTY_BODY = YES;
				CLANG_WARN_ENUM_CONVERSION = YES;
				CLANG_WARN_INT_CONVERSION = YES;
				CLANG_WARN_OBJC_ROOT_CLASS = YES_ERROR;
				CLANG_WARN_UNREACHABLE_CODE = YES;
				CLANG_WARN__DUPLICATE_METHOD_MATCH = YES;
				"CODE_SIGN_IDENTITY[sdk=iphoneos*]" = "iPhone Developer";
				COPY_PHASE_STRIP = NO;
				DEBUG_INFORMATION_FORMAT = "dwarf-with-dsym";
				ENABLE_NS_ASSERTIONS = NO;
				ENABLE_STRICT_OBJC_MSGSEND = YES;
				GCC_C_LANGUAGE_STANDARD = gnu99;
				GCC_NO_COMMON_BLOCKS = YES;
				GCC_WARN_64_TO_32_BIT_CONVERSION = YES;
				GCC_WARN_ABOUT_RETURN_TYPE = YES_ERROR;
				GCC_WARN_UNDECLARED_SELECTOR = YES;
				GCC_WARN_UNINITIALIZED_AUTOS = YES_AGGRESSIVE;
				GCC_WARN_UNUSED_FUNCTION = YES;
				GCC_WARN_UNUSED_VARIABLE = YES;
				IPHONEOS_DEPLOYMENT_TARGET = 9.2;
				MTL_ENABLE_DEBUG_INFO = NO;
				SDKROOT = iphoneos;
				VALIDATE_PRODUCT = YES;
			};
			name = Release;
		};
		AF6627791C68D61900D9E274 /* Debug */ = {
			isa = XCBuildConfiguration;
			buildSettings = {
				ASSETCATALOG_COMPILER_APPICON_NAME = AppIcon;
				EMBEDDED_CONTENT_CONTAINS_SWIFT = YES;
				INFOPLIST_FILE = RESTClientApp/Info.plist;
				LD_RUNPATH_SEARCH_PATHS = "$(inherited) @executable_path/Frameworks";
				PRODUCT_BUNDLE_IDENTIFIER = com.tobiplay.RESTClientApp;
				PRODUCT_NAME = "$(TARGET_NAME)";
			};
			name = Debug;
		};
		AF66277A1C68D61900D9E274 /* Release */ = {
			isa = XCBuildConfiguration;
			buildSettings = {
				ASSETCATALOG_COMPILER_APPICON_NAME = AppIcon;
				EMBEDDED_CONTENT_CONTAINS_SWIFT = YES;
				INFOPLIST_FILE = RESTClientApp/Info.plist;
				LD_RUNPATH_SEARCH_PATHS = "$(inherited) @executable_path/Frameworks";
				PRODUCT_BUNDLE_IDENTIFIER = com.tobiplay.RESTClientApp;
				PRODUCT_NAME = "$(TARGET_NAME)";
			};
			name = Release;
		};
/* End XCBuildConfiguration section */

/* Begin XCConfigurationList section */
		AF6627611C68D61800D9E274 /* Build configuration list for PBXProject "RESTClientApp" */ = {
			isa = XCConfigurationList;
			buildConfigurations = (
				AF6627761C68D61900D9E274 /* Debug */,
				AF6627771C68D61900D9E274 /* Release */,
			);
			defaultConfigurationIsVisible = 0;
			defaultConfigurationName = Release;
		};
		AF6627781C68D61900D9E274 /* Build configuration list for PBXNativeTarget "RESTClientApp" */ = {
			isa = XCConfigurationList;
			buildConfigurations = (
				AF6627791C68D61900D9E274 /* Debug */,
				AF66277A1C68D61900D9E274 /* Release */,
			);
			defaultConfigurationIsVisible = 0;
			defaultConfigurationName = Release;
		};
/* End XCConfigurationList section */
	};
	rootObject = AF66275E1C68D61800D9E274 /* Project object */;
}
